<?xml version="1.0" encoding="utf-8"?>
<Project ToolsVersion="4.0" xmlns="http://schemas.microsoft.com/developer/msbuild/2003">
  <ItemGroup>
	<FxCompile Include="resources\shaders\ChromaticAberration.PS.hlsl" />
	<FxCompile Include="resources\shaders\Pixelation.PS.hlsl" />
	<FxCompile Include="resources\shaders\MotionBlur.PS.hlsl" />
    <FxCompile Include="resources\shaders\Object3D.PS.hlsl" />
    <FxCompile Include="resources\shaders\Object3D.VS.hlsl" />
    <FxCompile Include="resources\shaders\DebugLine.PS.hlsl" />
    <FxCompile Include="resources\shaders\DebugLine.VS.hlsl" />
	<FxCompile Include="resources\shaders\GroundCrack.VS.hlsl" />
	<FxCompile Include="resources\shaders\GroundCrack.PS.hlsl" />
    <FxCompile Include="resources\shaders\Particle.PS.hlsl" />
    <FxCompile Include="resources\shaders\Particle.VS.hlsl" />
    <FxCompile Include="resources\shaders\Sprite.VS.hlsl" />
    <FxCompile Include="resources\shaders\Sprite.PS.hlsl" />
    <FxCompile Include="resources\shaders\Skybox.VS.hlsl" />
    <FxCompile Include="resources\shaders\Skybox.PS.hlsl" />
    <FxCompile Include="resources\shaders\ShadowMap.VS.hlsl" />
    <FxCompile Include="resources\shaders\SkinningObject3D.VS.hlsl" />
    <FxCompile Include="resources\shaders\SkinningShadowMap.VS.hlsl" />
  </ItemGroup>
  <ItemGroup>
	<ClCompile Include="externals\ImGuizmo\ImGuizmo.cpp" />
    <ClCompile Include="engine\collision\Collider.cpp" />
    <ClCompile Include="engine\collision\Collision.cpp" />
    <ClCompile Include="engine\collision\OBBCollider.cpp" />
    <ClCompile Include="engine\collision\SphereCollider.cpp" />
    <ClCompile Include="engine\physics\PhysicsWorld.cpp">
      <Filter>Engine\Physics</Filter>
    </ClCompile>
    <ClCompile Include="engine\debug\DebugRenderer.cpp" />
    <ClCompile Include="engine\debug\EditorGridRenderer.cpp" />
    <ClCompile Include="engine\effect\LightningRenderer.cpp" />
	<ClCompile Include="engine\effect\GroundCrackRenderer.cpp" />
    <ClCompile Include="engine\effect\WaterSurfaceRenderer.cpp" />
    <ClCompile Include="application\camera\ThirdPersonCameraController.cpp">
      <Filter>Application\Camera</Filter>
    </ClCompile>
    <ClCompile Include="application\player\Player.cpp">
      <Filter>Application\Player</Filter>
    </ClCompile>
    <ClCompile Include="engine\base\D3DResourceLeadChecker.cpp" />
    <ClCompile Include="engine\base\DirectXCommon.cpp" />
    <ClCompile Include="engine\base\BloomRenderer.cpp" />
    <ClCompile Include="engine\base\SceneRenderTarget.cpp" />
    <ClCompile Include="engine\io\Input.cpp" />
    <ClCompile Include="engine\math\Quaternion.cpp" />
    <ClCompile Include="engine\utility\Logger.cpp" />
    <ClCompile Include="main.cpp" />
    <ClCompile Include="engine\math\Math.cpp" />
    <ClCompile Include="engine\2d\Sprite.cpp" />
    <ClCompile Include="engine\2d\SpriteCommon.cpp" />
	<ClCompile Include="engine\2d\TextSprite.cpp" />
	<ClCompile Include="engine\text\TextRasterizer.cpp" />
	<ClCompile Include="engine\text\TextFontRegistry.cpp" />
    <ClCompile Include="engine\utility\StringUtility.cpp" />
    <ClCompile Include="engine\2d\TextureManager.cpp" />
    <ClCompile Include="engine\base\WinApp.cpp" />
    <ClCompile Include="engine\particle\GpuParticle.cpp" />
    <ClCompile Include="engine\3d\Object3dCommon.cpp" />
    <ClCompile Include="engine\3d\Object3d.cpp" />
    <ClCompile Include="engine\3d\Model.cpp" />
	<ClCompile Include="engine\3d\PmxLoader.cpp" />
    <ClCompile Include="engine\3d\Animation.cpp" />
    <ClCompile Include="engine\3d\Skeleton.cpp" />
    <ClCompile Include="engine\3d\SkinCluster.cpp" />
    <ClCompile Include="engine\3d\ModelCommon.cpp" />
    <ClCompile Include="engine\3d\ModelManager.cpp" />
    <ClCompile Include="engine\3d\Camera.cpp" />
    <ClCompile Include="engine\3d\CameraPathRuntime.cpp" />
    <ClCompile Include="engine\3d\SrvManager.cpp" />
    <ClCompile Include="engine\particle\ParticleCommon.cpp" />
    <ClCompile Include="engine\particle\ParticleManager.cpp" />
    <ClCompile Include="engine\particle\ParticleEmitter.cpp" />
    <ClCompile Include="engine\math\Matrix4x4.cpp" />
    <ClCompile Include="engine\base\EditorLocalization.cpp" />
    <ClCompile Include="engine\base\EditorComponentCatalog.cpp" />
	<ClCompile Include="engine\project\ProjectDescriptor.cpp">
	  <Filter>Engine\Project</Filter>
	</ClCompile>
	<ClCompile Include="engine\project\ProjectRegistry.cpp">
	  <Filter>Engine\Project</Filter>
	</ClCompile>
	<ClCompile Include="engine\project\ProjectCompatibilityProbe.cpp">
	  <Filter>Engine\Project</Filter>
	</ClCompile>
	<ClCompile Include="engine\project\ProjectBuildSpecification.cpp">
	  <Filter>Engine\Project</Filter>
	</ClCompile>
	<ClCompile Include="engine\project\SolutionGenerationModel.cpp">
	  <Filter>Engine\Project</Filter>
	</ClCompile>
	<ClCompile Include="engine\project\SolutionGenerationEmitter.cpp">
	  <Filter>Engine\Project</Filter>
	</ClCompile>
	<ClCompile Include="engine\project\SolutionGenerationTransaction.cpp">
	  <Filter>Engine\Project</Filter>
	</ClCompile>
	<ClCompile Include="engine\project\ProjectSolutionGenerationService.cpp">
	  <Filter>Engine\Project</Filter>
	</ClCompile>
	<ClCompile Include="engine\project\WindowsProcess.cpp">
	  <Filter>Engine\Project</Filter>
	</ClCompile>
	<ClCompile Include="engine\project\VisualStudioLocator.cpp">
	  <Filter>Engine\Project</Filter>
	</ClCompile>
	<ClCompile Include="engine\project\ProjectCreationService.cpp">
	  <Filter>Engine\Project</Filter>
	</ClCompile>
    <ClCompile Include="engine\base\ImGuiManager.cpp" />
    <ClCompile Include="engine\base\PostProcessSettingsEditor.cpp" />
    <ClCompile Include="engine\Audio\Audio.cpp" />
    <ClCompile Include="engine\Audio\AudioDirector.cpp" />
    <ClCompile Include="engine\Audio\AudioDecoder.cpp" />
    <ClCompile Include="engine\Audio\AudioStreamDecoder.cpp" />
    <ClCompile Include="engine\Audio\MediaFoundationRuntime.cpp" />
    <ClCompile Include="engine\utility\SystemPerformanceMonitor.cpp" />
    <ClCompile Include="application\Game.cpp">
      <Filter>Application</Filter>
    </ClCompile>
    <ClCompile Include="application\PrefabPreviewRenderer.cpp">
      <Filter>Application</Filter>
    </ClCompile>
    <ClCompile Include="engine\base\Framework.cpp" />
    <ClCompile Include="application\scene\RuntimeScene.cpp">
      <Filter>Application\Scene</Filter>
    </ClCompile>
    <ClCompile Include="application\scene\SceneRuntimeInput.cpp">
      <Filter>Application\Scene</Filter>
    </ClCompile>
    <ClCompile Include="application\scene\system\SceneAgentSystem.cpp">
      <Filter>Application\Scene\System</Filter>
    </ClCompile>
    <ClCompile Include="application\scene\system\SceneAttachmentSystem.cpp">
      <Filter>Application\Scene\System</Filter>
    </ClCompile>
    <ClCompile Include="application\scene\system\SceneCameraSystem.cpp">
      <Filter>Application\Scene\System</Filter>
    </ClCompile>
    <ClCompile Include="application\scene\system\SceneCombatSystem.cpp">
      <Filter>Application\Scene\System</Filter>
    </ClCompile>
	<ClCompile Include="application\scene\system\SceneHitReactionSystem.cpp">
	  <Filter>Application\Scene\System</Filter>
	</ClCompile>
	<ClCompile Include="application\scene\system\SceneHitStopSystem.cpp">
		<Filter>Application\Scene\System</Filter>
	</ClCompile>
	<ClCompile Include="application\scene\system\SceneRuntimeEffectSystem.cpp">
		<Filter>Application\Scene\System</Filter>
	</ClCompile>
	<ClCompile Include="application\scene\system\SceneTextRenderSystem.cpp">
		<Filter>Application\Scene\System</Filter>
	</ClCompile>
	<ClCompile Include="application\scene\system\SceneTextMotionSystem.cpp">
		<Filter>Application\Scene\System</Filter>
	</ClCompile>
	<ClCompile Include="application\scene\system\SceneGameFlowSystem.cpp">
		<Filter>Application\Scene\System</Filter>
	</ClCompile>
	<ClCompile Include="application\scene\system\SceneFishingScoreAttackSystem.cpp">
		<Filter>Application\Scene\System</Filter>
	</ClCompile>
	<ClCompile Include="application\scene\system\FishingFormationMotion.cpp">
		<Filter>Application\Scene\System</Filter>
	</ClCompile>
	<ClCompile Include="application\scene\system\SceneAudioSystem.cpp">
		<Filter>Application\Scene\System</Filter>
	</ClCompile>
    <ClCompile Include="application\scene\system\SceneDebugSystem.cpp">
      <Filter>Application\Scene\System</Filter>
    </ClCompile>
    <ClCompile Include="application\scene\system\SceneEnemySystem.cpp">
      <Filter>Application\Scene\System</Filter>
    </ClCompile>
	<ClCompile Include="application\scene\system\SceneEnemySpawnerSystem.cpp">
	  <Filter>Application\Scene\System</Filter>
	</ClCompile>
    <ClCompile Include="application\scene\system\SceneEventSystem.cpp">
      <Filter>Application\Scene\System</Filter>
    </ClCompile>
	<ClCompile Include="application\scene\system\ScenePostProcessProfileSystem.cpp">
	  <Filter>Application\Scene\System</Filter>
	</ClCompile>
    <ClCompile Include="application\scene\system\SceneAttackRunnerSystem.cpp">
      <Filter>Application\Scene\System</Filter>
    </ClCompile>
    <ClCompile Include="application\scene\system\SceneStateMachineSystem.cpp">
      <Filter>Application\Scene\System</Filter>
    </ClCompile>
    <ClCompile Include="application\scene\system\SceneEffectRenderSystem.cpp">
      <Filter>Application\Scene\System</Filter>
    </ClCompile>
    <ClCompile Include="application\scene\system\SceneEnvironmentSystem.cpp">
      <Filter>Application\Scene\System</Filter>
    </ClCompile>
    <ClCompile Include="application\scene\system\SceneLightingSystem.cpp">
      <Filter>Application\Scene\System</Filter>
    </ClCompile>
    <ClCompile Include="application\scene\system\SceneMiniMapSystem.cpp">
      <Filter>Application\Scene\System</Filter>
    </ClCompile>
    <ClCompile Include="application\scene\system\SceneMonitorSystem.cpp">
      <Filter>Application\Scene\System</Filter>
    </ClCompile>
    <ClCompile Include="application\scene\system\SceneObjectSystem.cpp">
      <Filter>Application\Scene\System</Filter>
    </ClCompile>
    <ClCompile Include="application\scene\system\SceneParticleSystem.cpp">
      <Filter>Application\Scene\System</Filter>
    </ClCompile>
    <ClCompile Include="application\scene\system\ScenePhysicsSystem.cpp">
      <Filter>Application\Scene\System</Filter>
    </ClCompile>
    <ClCompile Include="application\scene\system\ScenePrefabAnimationSystem.cpp">
      <Filter>Application\Scene\System</Filter>
    </ClCompile>
    <ClCompile Include="application\scene\system\SceneProjectileSystem.cpp">
      <Filter>Application\Scene\System</Filter>
    </ClCompile>
    <ClCompile Include="application\scene\system\SceneStatSystem.cpp">
      <Filter>Application\Scene\System</Filter>
    </ClCompile>
    <ClCompile Include="application\scene\system\SceneTransitionSystem.cpp">
      <Filter>Application\Scene\System</Filter>
    </ClCompile>
    <ClCompile Include="engine\scene\BaseScene.cpp">
      <Filter>Engine\Scene</Filter>
    </ClCompile>
    <ClCompile Include="application\scene\SceneFactory.cpp">
      <Filter>Application\Scene</Filter>
    </ClCompile>
    <ClCompile Include="application\scene\EditorBootstrap.cpp">
      <Filter>Application\Scene</Filter>
    </ClCompile>
    <ClCompile Include="application\scene\RuntimeBootstrap.cpp">
      <Filter>Application\Scene</Filter>
    </ClCompile>
    <ClCompile Include="application\scene\SceneStartupErrorScreen.cpp">
      <Filter>Application\Scene</Filter>
    </ClCompile>
    <ClCompile Include="engine\agent\AgentSettingsResolver.cpp">
      <Filter>Engine\Agent</Filter>
    </ClCompile>
    <ClCompile Include="engine\agent\AgentSteering.cpp">
      <Filter>Engine\Agent</Filter>
    </ClCompile>
    <ClCompile Include="engine\scene\SceneManager.cpp">
      <Filter>Engine\Scene</Filter>
    </ClCompile>
    <ClCompile Include="engine\scene\SceneInstance.cpp">
      <Filter>Engine\Scene</Filter>
    </ClCompile>
    <ClCompile Include="engine\scene\RuntimeSession.cpp">
      <Filter>Engine\Scene</Filter>
    </ClCompile>
    <ClCompile Include="engine\scene\SceneDocumentMigrator.cpp">
      <Filter>Engine\Scene</Filter>
    </ClCompile>
    <ClCompile Include="engine\scene\SceneValidator.cpp">
      <Filter>Engine\Scene</Filter>
    </ClCompile>
    <ClCompile Include="engine\scene\SceneCatalog.cpp">
      <Filter>Engine\Scene</Filter>
    </ClCompile>
    <ClCompile Include="engine\scene\SceneAssetService.cpp">
      <Filter>Engine\Scene</Filter>
    </ClCompile>
    <ClCompile Include="engine\scene\SceneTemplateRegistry.cpp">
      <Filter>Engine\Scene</Filter>
    </ClCompile>
    <ClCompile Include="engine\scene\SceneDocument.cpp">
      <Filter>Engine\Scene</Filter>
    </ClCompile>
    <ClCompile Include="engine\scene\PrefabAssetRegistry.cpp">
      <Filter>Engine\Scene</Filter>
    </ClCompile>
    <ClCompile Include="engine\scene\SceneEntityQuery.cpp">
      <Filter>Engine\Scene</Filter>
    </ClCompile>
	<ClCompile Include="engine\scene\ScenePrefabAnimationEvaluator.cpp">
	  <Filter>Engine\Scene</Filter>
	</ClCompile>
    <ClCompile Include="engine\scene\SceneTransformResolver.cpp">
      <Filter>Engine\Scene</Filter>
    </ClCompile>
    <ClCompile Include="engine\scene\EditorSession.cpp">
      <Filter>Engine\Scene</Filter>
    </ClCompile>
    <ClCompile Include="engine\scene\PrefabEditorSession.cpp">
      <Filter>Engine\Scene</Filter>
    </ClCompile>
    <ClCompile Include="engine\particle\ParticleEffectResource.cpp" />
    <ClCompile Include="engine\particle\ParticleEffectEditor.cpp" />
    <ClCompile Include="engine\3d\LightManager.cpp" />
    <ClCompile Include="engine\3d\ShadowManager.cpp" />
    <ClCompile Include="engine\3d\Skybox.cpp" />
  </ItemGroup>
  <ItemGroup>
	<ClInclude Include="externals\ImGuizmo\ImGuizmo.h" />
    <ClInclude Include="engine\collision\Collider.h" />
    <ClInclude Include="engine\collision\OBBCollider.h" />
    <ClInclude Include="engine\collision\SphereCollider.h" />
    <ClInclude Include="engine\physics\PhysicsBody.h">
      <Filter>Engine\Physics</Filter>
    </ClInclude>
    <ClInclude Include="engine\physics\PhysicsWorld.h">
      <Filter>Engine\Physics</Filter>
    </ClInclude>
    <ClInclude Include="engine\debug\DebugRenderer.h" />
    <ClInclude Include="engine\debug\EditorGridRenderer.h" />
    <ClInclude Include="engine\effect\LightningRenderer.h" />
	<ClInclude Include="engine\effect\GroundCrackRenderer.h" />
    <ClInclude Include="engine\effect\WaterSurfaceRenderer.h" />
    <ClInclude Include="application\camera\ThirdPersonCameraController.h">
      <Filter>Application\Camera</Filter>
    </ClInclude>
    <ClInclude Include="application\player\Player.h">
      <Filter>Application\Player</Filter>
    </ClInclude>
    <ClInclude Include="engine\base\D3DResourceLeadChecker.h" />
    <ClInclude Include="engine\base\DirectXCommon.h" />
    <ClInclude Include="engine\base\BloomRenderer.h" />
    <ClInclude Include="engine\base\RenderFormats.h" />
    <ClInclude Include="engine\base\SceneRenderTarget.h" />
    <ClInclude Include="engine\io\Input.h" />
    <ClInclude Include="engine\utility\Logger.h" />
    <ClInclude Include="engine\utility\EditableResourcePath.h" />
    <ClInclude Include="engine\utility\ResourceTextureCatalog.h" />
    <ClInclude Include="engine\utility\SystemPerformanceMonitor.h" />
    <ClInclude Include="engine\math\Math.h" />
    <ClInclude Include="engine\2d\Sprite.h" />
    <ClInclude Include="engine\2d\SpriteCommon.h" />
	<ClInclude Include="engine\2d\TextSprite.h" />
	<ClInclude Include="engine\text\TextRasterizer.h" />
	<ClInclude Include="engine\text\TextFontRegistry.h" />
    <ClInclude Include="engine\utility\StringUtility.h" />
    <ClInclude Include="engine\2d\TextureManager.h" />
	<ClInclude Include="engine\2d\TextureFormat.h" />
    <ClInclude Include="engine\math\Transform.h" />
    <ClInclude Include="engine\base\WinApp.h" />
    <ClInclude Include="engine\3d\Object3dCommon.h" />
    <ClInclude Include="engine\3d\Object3d.h" />
    <ClInclude Include="engine\3d\Model.h" />
	<ClInclude Include="engine\3d\ModelFormat.h" />
	<ClInclude Include="engine\3d\PmxLoader.h" />
    <ClInclude Include="engine\3d\Animation.h" />
    <ClInclude Include="engine\3d\AssimpUnicodeIO.h" />
    <ClInclude Include="engine\3d\Skeleton.h" />
    <ClInclude Include="engine\3d\SkinCluster.h" />
    <ClInclude Include="engine\3d\ModelCommon.h" />
    <ClInclude Include="engine\3d\ModelManager.h" />
    <ClInclude Include="engine\3d\Camera.h" />
    <ClInclude Include="engine\3d\CameraPathRuntime.h" />
    <ClInclude Include="engine\3d\SrvManager.h" />
    <ClInclude Include="engine\particle\GpuParticle.h" />
    <ClInclude Include="engine\particle\ParticleCommon.h" />
    <ClInclude Include="engine\particle\ParticleManager.h" />
    <ClInclude Include="engine\particle\ParticleEmitter.h" />
    <ClInclude Include="engine\math\Matrix3x3.h" />
    <ClInclude Include="engine\math\Matrix4x4.h" />
    <ClInclude Include="engine\math\Quaternion.h" />
    <ClInclude Include="engine\math\Vector2.h" />
    <ClInclude Include="engine\math\Vector3.h" />
    <ClInclude Include="engine\math\Vector4.h" />
    <ClInclude Include="engine\base\EditorLocalization.h" />
    <ClInclude Include="engine\base\EditorComponentCatalog.h" />
	<ClInclude Include="engine\project\ProjectDescriptor.h">
	  <Filter>Engine\Project</Filter>
	</ClInclude>
	<ClInclude Include="engine\project\ProjectRegistry.h">
	  <Filter>Engine\Project</Filter>
	</ClInclude>
	<ClInclude Include="engine\project\ProjectCompatibilityProbe.h">
	  <Filter>Engine\Project</Filter>
	</ClInclude>
	<ClInclude Include="engine\project\ProjectBuildSpecification.h">
	  <Filter>Engine\Project</Filter>
	</ClInclude>
	<ClInclude Include="engine\project\SolutionGenerationModel.h">
	  <Filter>Engine\Project</Filter>
	</ClInclude>
	<ClInclude Include="engine\project\SolutionGenerationEmitter.h">
	  <Filter>Engine\Project</Filter>
	</ClInclude>
	<ClInclude Include="engine\project\SolutionGenerationTransaction.h">
	  <Filter>Engine\Project</Filter>
	</ClInclude>
	<ClInclude Include="engine\project\ProjectSolutionGenerationService.h">
	  <Filter>Engine\Project</Filter>
	</ClInclude>
	<ClInclude Include="engine\project\WindowsProcess.h">
	  <Filter>Engine\Project</Filter>
	</ClInclude>
	<ClInclude Include="engine\project\VisualStudioLocator.h">
	  <Filter>Engine\Project</Filter>
	</ClInclude>
	<ClInclude Include="engine\project\ProjectCreationService.h">
	  <Filter>Engine\Project</Filter>
	</ClInclude>
    <ClInclude Include="engine\base\ImGuiManager.h" />
    <ClInclude Include="engine\base\PostProcessSettingsEditor.h" />
    <ClInclude Include="engine\Audio\Audio.h" />
    <ClInclude Include="engine\Audio\AudioDirector.h" />
    <ClInclude Include="engine\Audio\AudioClip.h" />
    <ClInclude Include="engine\Audio\AudioDecoder.h" />
    <ClInclude Include="engine\Audio\AudioStreamDecoder.h" />
    <ClInclude Include="engine\Audio\MediaFoundationRuntime.h" />
    <ClInclude Include="application\Game.h">
      <Filter>Application</Filter>
    </ClInclude>
    <ClInclude Include="application\PrefabPreviewRenderer.h">
      <Filter>Application</Filter>
    </ClInclude>
    <ClInclude Include="engine\base\Framework.h" />
    <ClInclude Include="application\scene\RuntimeScene.h">
      <Filter>Application\Scene</Filter>
    </ClInclude>
    <ClInclude Include="application\scene\SceneRuntimeInput.h">
      <Filter>Application\Scene</Filter>
    </ClInclude>
    <ClInclude Include="application\scene\SceneRuntimeObjectBinding.h">
      <Filter>Application\Scene</Filter>
    </ClInclude>
    <ClInclude Include="application\scene\system\SceneAgentSystem.h">
      <Filter>Application\Scene\System</Filter>
    </ClInclude>
    <ClInclude Include="application\scene\system\SceneAttachmentSystem.h">
      <Filter>Application\Scene\System</Filter>
    </ClInclude>
    <ClInclude Include="application\scene\system\SceneCameraSystem.h">
      <Filter>Application\Scene\System</Filter>
    </ClInclude>
    <ClInclude Include="application\scene\system\SceneCombatSystem.h">
      <Filter>Application\Scene\System</Filter>
    </ClInclude>
	<ClInclude Include="application\scene\system\SceneHitReactionSystem.h">
	  <Filter>Application\Scene\System</Filter>
	</ClInclude>
	<ClInclude Include="application\scene\system\SceneHitStopSystem.h">
		<Filter>Application\Scene\System</Filter>
	</ClInclude>
	<ClInclude Include="application\scene\system\SceneRuntimeEffectSystem.h">
		<Filter>Application\Scene\System</Filter>
	</ClInclude>
	<ClInclude Include="application\scene\system\SceneTextRenderSystem.h">
		<Filter>Application\Scene\System</Filter>
	</ClInclude>
	<ClInclude Include="application\scene\system\SceneTextMotionSystem.h">
		<Filter>Application\Scene\System</Filter>
	</ClInclude>
	<ClInclude Include="application\scene\system\SceneGameFlowSystem.h">
		<Filter>Application\Scene\System</Filter>
	</ClInclude>
	<ClInclude Include="application\scene\system\SceneFishingScoreAttackSystem.h">
		<Filter>Application\Scene\System</Filter>
	</ClInclude>
	<ClInclude Include="application\scene\system\FishingFormationMotion.h">
		<Filter>Application\Scene\System</Filter>
	</ClInclude>
	<ClInclude Include="application\scene\system\SceneAudioSystem.h">
		<Filter>Application\Scene\System</Filter>
	</ClInclude>
    <ClInclude Include="application\scene\system\SceneDebugSystem.h">
      <Filter>Application\Scene\System</Filter>
    </ClInclude>
    <ClInclude Include="application\scene\system\SceneEnemySystem.h">
      <Filter>Application\Scene\System</Filter>
    </ClInclude>
	<ClInclude Include="application\scene\system\SceneEnemySpawnerSystem.h">
	  <Filter>Application\Scene\System</Filter>
	</ClInclude>
    <ClInclude Include="application\scene\system\SceneEventSystem.h">
      <Filter>Application\Scene\System</Filter>
    </ClInclude>
	<ClInclude Include="application\scene\system\ScenePostProcessProfileSystem.h">
	  <Filter>Application\Scene\System</Filter>
	</ClInclude>
    <ClInclude Include="application\scene\system\SceneAttackRunnerSystem.h">
      <Filter>Application\Scene\System</Filter>
    </ClInclude>
    <ClInclude Include="application\scene\system\SceneStateMachineSystem.h">
      <Filter>Application\Scene\System</Filter>
    </ClInclude>
    <ClInclude Include="application\scene\system\SceneEffectRenderSystem.h">
      <Filter>Application\Scene\System</Filter>
    </ClInclude>
    <ClInclude Include="application\scene\system\SceneEnvironmentSystem.h">
      <Filter>Application\Scene\System</Filter>
    </ClInclude>
    <ClInclude Include="application\scene\system\SceneLightingSystem.h">
      <Filter>Application\Scene\System</Filter>
    </ClInclude>
    <ClInclude Include="application\scene\system\SceneMiniMapSystem.h">
      <Filter>Application\Scene\System</Filter>
    </ClInclude>
    <ClInclude Include="application\scene\system\SceneMonitorSystem.h">
      <Filter>Application\Scene\System</Filter>
    </ClInclude>
    <ClInclude Include="application\scene\system\SceneObjectSystem.h">
      <Filter>Application\Scene\System</Filter>
    </ClInclude>
    <ClInclude Include="application\scene\system\SceneParticleSystem.h">
      <Filter>Application\Scene\System</Filter>
    </ClInclude>
    <ClInclude Include="application\scene\system\ScenePhysicsSystem.h">
      <Filter>Application\Scene\System</Filter>
    </ClInclude>
    <ClInclude Include="application\scene\system\ScenePrefabAnimationSystem.h">
      <Filter>Application\Scene\System</Filter>
    </ClInclude>
    <ClInclude Include="application\scene\system\SceneProjectileSystem.h">
      <Filter>Application\Scene\System</Filter>
    </ClInclude>
    <ClInclude Include="application\scene\system\SceneStatSystem.h">
      <Filter>Application\Scene\System</Filter>
    </ClInclude>
    <ClInclude Include="application\scene\system\SceneTransitionSystem.h">
      <Filter>Application\Scene\System</Filter>
    </ClInclude>
    <ClInclude Include="engine\scene\BaseScene.h">
      <Filter>Engine\Scene</Filter>
    </ClInclude>
    <ClInclude Include="engine\scene\AbstractSceneFactory.h">
      <Filter>Engine\Scene</Filter>
    </ClInclude>
    <ClInclude Include="application\scene\SceneFactory.h">
      <Filter>Application\Scene</Filter>
    </ClInclude>
    <ClInclude Include="application\scene\EditorBootstrap.h">
      <Filter>Application\Scene</Filter>
    </ClInclude>
    <ClInclude Include="application\scene\RuntimeBootstrap.h">
      <Filter>Application\Scene</Filter>
    </ClInclude>
    <ClInclude Include="application\scene\SceneStartupErrorScreen.h">
      <Filter>Application\Scene</Filter>
    </ClInclude>
    <ClInclude Include="engine\agent\AgentSettingsResolver.h">
      <Filter>Engine\Agent</Filter>
    </ClInclude>
    <ClInclude Include="engine\agent\AgentSteering.h">
      <Filter>Engine\Agent</Filter>
    </ClInclude>
    <ClInclude Include="engine\scene\SceneManager.h">
      <Filter>Engine\Scene</Filter>
    </ClInclude>
    <ClInclude Include="engine\scene\SceneInstance.h">
      <Filter>Engine\Scene</Filter>
    </ClInclude>
    <ClInclude Include="engine\scene\SceneEntityReference.h">
      <Filter>Engine\Scene</Filter>
    </ClInclude>
    <ClInclude Include="engine\scene\SceneExecutionContext.h">
      <Filter>Engine\Scene</Filter>
    </ClInclude>
    <ClInclude Include="engine\scene\RuntimeSession.h">
      <Filter>Engine\Scene</Filter>
    </ClInclude>
    <ClInclude Include="engine\scene\SceneDocumentMigrator.h">
      <Filter>Engine\Scene</Filter>
    </ClInclude>
    <ClInclude Include="engine\scene\SceneValidator.h">
      <Filter>Engine\Scene</Filter>
    </ClInclude>
    <ClInclude Include="engine\scene\SceneCatalog.h">
      <Filter>Engine\Scene</Filter>
    </ClInclude>
    <ClInclude Include="engine\scene\SceneAssetService.h">
      <Filter>Engine\Scene</Filter>
    </ClInclude>
    <ClInclude Include="engine\scene\SceneTemplateRegistry.h">
      <Filter>Engine\Scene</Filter>
    </ClInclude>
    <ClInclude Include="engine\scene\SceneDocument.h">
      <Filter>Engine\Scene</Filter>
    </ClInclude>
	<ClInclude Include="engine\scene\SceneInputKey.h">
	  <Filter>Engine\Scene</Filter>
	</ClInclude>
    <ClInclude Include="engine\scene\PrefabAssetRegistry.h">
      <Filter>Engine\Scene</Filter>
    </ClInclude>
    <ClInclude Include="engine\scene\SceneEntityQuery.h">
      <Filter>Engine\Scene</Filter>
    </ClInclude>
	<ClInclude Include="engine\scene\ScenePrefabAnimationEvaluator.h">
	  <Filter>Engine\Scene</Filter>
	</ClInclude>
    <ClInclude Include="engine\scene\SceneSettings.h">
      <Filter>Engine\Scene</Filter>
    </ClInclude>
    <ClInclude Include="engine\scene\SceneTransformResolver.h">
      <Filter>Engine\Scene</Filter>
    </ClInclude>
    <ClInclude Include="engine\scene\EditorSession.h">
      <Filter>Engine\Scene</Filter>
    </ClInclude>
    <ClInclude Include="engine\scene\PrefabEditorSession.h">
      <Filter>Engine\Scene</Filter>
    </ClInclude>
    <ClInclude Include="engine\particle\ParticleEffectResource.h" />
    <ClInclude Include="engine\particle\ParticleEffectEditor.h" />
    <ClInclude Include="engine\3d\LightManager.h" />
    <ClInclude Include="engine\3d\ShadowManager.h" />
    <ClInclude Include="engine\3d\Skybox.h" />
  </ItemGroup>
  <ItemGroup>
    <None Include=".editorconfig" />
    <None Include="resources\shaders\BoxBlur.PS.hlsl" />
    <None Include="resources\shaders\Bloom.hlsli" />
    <None Include="resources\shaders\BloomBlur.PS.hlsl" />
    <None Include="resources\shaders\BloomComposite.PS.hlsl" />
    <None Include="resources\shaders\BloomExtract.PS.hlsl" />
    <None Include="resources\shaders\CopyImage.PS.hlsl" />
    <None Include="resources\shaders\Dissolve.PS.hlsl" />
    <None Include="resources\shaders\DepthOfField.PS.hlsl" />
    <None Include="resources\shaders\Fullscreen.hlsli" />
    <None Include="resources\shaders\Fullscreen.VS.hlsl" />
    <None Include="resources\shaders\GaussianBlur.PS.hlsl" />
    <None Include="resources\shaders\GpuParticle.hlsli" />
    <None Include="resources\shaders\GpuParticle.VS.hlsl" />
    <None Include="resources\shaders\InitializeGpuParticle.CS.hlsl" />
    <None Include="resources\shaders\EmitGpuParticle.CS.hlsl" />
    <None Include="resources\shaders\UpdateGpuParticle.CS.hlsl" />
    <None Include="resources\shaders\RadialBlur.PS.hlsl" />
    <None Include="resources\shaders\Grayscale.PS.hlsl" />
    <None Include="resources\shaders\IrisTransition.PS.hlsl" />
    <None Include="resources\shaders\Noise.PS.hlsl" />
    <None Include="resources\shaders\Outline.PS.hlsl" />
    <None Include="resources\shaders\Skinning.CS.hlsl" />
    <None Include="resources\shaders\Underwater.PS.hlsl" />
    <None Include="resources\shaders\WaterRefraction.PS.hlsl" />
    <None Include="resources\shaders\WaterSurface.PS.hlsl" />
    <None Include="resources\shaders\WaterSurface.VS.hlsl" />
    <None Include="resources\shaders\Vignette.PS.hlsl" />
    <None Include="resources\shaders\Object3D.hlsli" />
    <None Include="resources\shaders\Particle.hlsli" />
    <None Include="resources\shaders\Skybox.hlsli" />
  </ItemGroup>
  <ItemGroup>
    <Filter Include="Application">
      <UniqueIdentifier>{7B2E5776-6D82-4F5E-9B07-5D49D8E63FD1}</UniqueIdentifier>
    </Filter>
    <Filter Include="Application\Scene">
      <UniqueIdentifier>{FB70A086-2C87-43F4-A0B6-515D38DC2FB1}</UniqueIdentifier>
    </Filter>
    <Filter Include="Application\Scene\System">
      <UniqueIdentifier>{9300C74C-1B4D-4D56-90B4-7D8B0FDC40AB}</UniqueIdentifier>
    </Filter>
    <Filter Include="Application\Player">
      <UniqueIdentifier>{B036426C-18BA-46FA-AF76-09C613290F87}</UniqueIdentifier>
    </Filter>
    <Filter Include="Application\Camera">
      <UniqueIdentifier>{0F657130-92A6-4B0A-B8E1-2E719420B9C7}</UniqueIdentifier>
    </Filter>
    <Filter Include="Engine">
      <UniqueIdentifier>{02D12CE6-08BE-4CF7-AB0D-44A74121F821}</UniqueIdentifier>
    </Filter>
    <Filter Include="Engine\Scene">
      <UniqueIdentifier>{7C7F6FE3-650C-434C-A360-17FE2C5DB753}</UniqueIdentifier>
    </Filter>
    <Filter Include="Engine\Physics">
      <UniqueIdentifier>{5D0AF557-1B52-4E2C-93B1-257B4D0E0F7D}</UniqueIdentifier>
    </Filter>
    <Filter Include="Engine\Agent">
      <UniqueIdentifier>{A8E15772-C3F8-44D5-9D23-65986C4118D9}</UniqueIdentifier>
    </Filter>
	<Filter Include="Engine\Project">
	  <UniqueIdentifier>{6C8F294D-80FD-41E7-B09E-1BC40A5076D5}</UniqueIdentifier>
	</Filter>
  </ItemGroup>
</Project>
